
Microsoft Visual Studio Solution File, Format Version 12.00
# Visual Studio Version 16
VisualStudioVersion = 16.0.30914.41
MinimumVisualStudioVersion = 10.0.40219.1
Project("{2150E333-8FDC-42A3-9474-1A3956D46DE8}") = "src", "src", "{42925905-BFEE-4667-8430-CA52E7877811}"
EndProject
Project("{2150E333-8FDC-42A3-9474-1A3956D46DE8}") = "test", "test", "{6FA8CF02-1FFA-469A-BC13-15EA7703D123}"
EndProject
Project("{2150E333-8FDC-42A3-9474-1A3956D46DE8}") = "Solution Items", "Solution Items", "{F3C9EB4C-2D60-44F3-AAD9-DBE877B13D2E}"
	ProjectSection(SolutionItems) = preProject
		.gitignore = .gitignore
		Directory.Build.props = Directory.Build.props
		README.md = README.md
	EndProjectSection
EndProject
Project("{9A19103F-16F7-4668-BE54-9A1E7A4F7556}") = "SimpleLINQ.Test", "test\SimpleLINQ.Test\SimpleLINQ.Test.csproj", "{988AA879-A5DA-479A-BC5C-F5885B8C1D77}"
EndProject
Project("{9A19103F-16F7-4668-BE54-9A1E7A4F7556}") = "SimpleLINQ", "src\SimpleLINQ\SimpleLINQ.csproj", "{985B4507-7B87-413A-8AF9-98E081066CE2}"
EndProject
Project("{2150E333-8FDC-42A3-9474-1A3956D46DE8}") = "Async", "Async", "{DE66438A-B981-4157-BD26-81B0EFB61191}"
EndProject
Project("{2150E333-8FDC-42A3-9474-1A3956D46DE8}") = "Transports", "Transports", "{46B40BE8-81D9-4061-B0EE-C39DB43F3AC6}"
EndProject
Project("{9A19103F-16F7-4668-BE54-9A1E7A4F7556}") = "SimpleLINQ.Async.EntityFramework", "src\SimpleLINQ.Async.EntityFramework\SimpleLINQ.Async.EntityFramework.csproj", "{B614E2A0-C4A8-454C-8CDB-786D047FB6A3}"
EndProject
Project("{9A19103F-16F7-4668-BE54-9A1E7A4F7556}") = "SimpleLINQ.Async.Reactive", "src\SimpleLINQ.Async.Reactive\SimpleLINQ.Async.Reactive.csproj", "{7E302E7D-1662-4B3B-81ED-DEC7E0797B75}"
EndProject
Project("{9A19103F-16F7-4668-BE54-9A1E7A4F7556}") = "SimpleLINQ.Transports.ServiceStack.Redis", "src\SimpleLINQ.Transports.ServiceStack.Redis\SimpleLINQ.Transports.ServiceStack.Redis.csproj", "{0FC07CCC-5970-4331-9522-69915782EFAE}"
EndProject
Project("{9A19103F-16F7-4668-BE54-9A1E7A4F7556}") = "SimpleLINQ.Transports.StackExchange.Redis", "src\SimpleLINQ.Transports.StackExchange.Redis\SimpleLINQ.Transports.StackExchange.Redis.csproj", "{3EA074CC-808A-4EDD-889C-0BE15146743D}"
EndProject
Global
	GlobalSection(SolutionConfigurationPlatforms) = preSolution
		Debug|Any CPU = Debug|Any CPU
		Release|Any CPU = Release|Any CPU
	EndGlobalSection
	GlobalSection(ProjectConfigurationPlatforms) = postSolution
		{988AA879-A5DA-479A-BC5C-F5885B8C1D77}.Debug|Any CPU.ActiveCfg = Debug|Any CPU
		{988AA879-A5DA-479A-BC5C-F5885B8C1D77}.Debug|Any CPU.Build.0 = Debug|Any CPU
		{988AA879-A5DA-479A-BC5C-F5885B8C1D77}.Release|Any CPU.ActiveCfg = Release|Any CPU
		{988AA879-A5DA-479A-BC5C-F5885B8C1D77}.Release|Any CPU.Build.0 = Release|Any CPU
		{985B4507-7B87-413A-8AF9-98E081066CE2}.Debug|Any CPU.ActiveCfg = Debug|Any CPU
		{985B4507-7B87-413A-8AF9-98E081066CE2}.Debug|Any CPU.Build.0 = Debug|Any CPU
		{985B4507-7B87-413A-8AF9-98E081066CE2}.Release|Any CPU.ActiveCfg = Release|Any CPU
		{985B4507-7B87-413A-8AF9-98E081066CE2}.Release|Any CPU.Build.0 = Release|Any CPU
		{B614E2A0-C4A8-454C-8CDB-786D047FB6A3}.Debug|Any CPU.ActiveCfg = Debug|Any CPU
		{B614E2A0-C4A8-454C-8CDB-786D047FB6A3}.Debug|Any CPU.Build.0 = Debug|Any CPU
		{B614E2A0-C4A8-454C-8CDB-786D047FB6A3}.Release|Any CPU.ActiveCfg = Release|Any CPU
		{B614E2A0-C4A8-454C-8CDB-786D047FB6A3}.Release|Any CPU.Build.0 = Release|Any CPU
		{7E302E7D-1662-4B3B-81ED-DEC7E0797B75}.Debug|Any CPU.ActiveCfg = Debug|Any CPU
		{7E302E7D-1662-4B3B-81ED-DEC7E0797B75}.Debug|Any CPU.Build.0 = Debug|Any CPU
		{7E302E7D-1662-4B3B-81ED-DEC7E0797B75}.Release|Any CPU.ActiveCfg = Release|Any CPU
		{7E302E7D-1662-4B3B-81ED-DEC7E0797B75}.Release|Any CPU.Build.0 = Release|Any CPU
		{0FC07CCC-5970-4331-9522-69915782EFAE}.Debug|Any CPU.ActiveCfg = Debug|Any CPU
		{0FC07CCC-5970-4331-9522-69915782EFAE}.Debug|Any CPU.Build.0 = Debug|Any CPU
		{0FC07CCC-5970-4331-9522-69915782EFAE}.Release|Any CPU.ActiveCfg = Release|Any CPU
		{0FC07CCC-5970-4331-9522-69915782EFAE}.Release|Any CPU.Build.0 = Release|Any CPU
		{3EA074CC-808A-4EDD-889C-0BE15146743D}.Debug|Any CPU.ActiveCfg = Debug|Any CPU
		{3EA074CC-808A-4EDD-889C-0BE15146743D}.Debug|Any CPU.Build.0 = Debug|Any CPU
		{3EA074CC-808A-4EDD-889C-0BE15146743D}.Release|Any CPU.ActiveCfg = Release|Any CPU
		{3EA074CC-808A-4EDD-889C-0BE15146743D}.Release|Any CPU.Build.0 = Release|Any CPU
	EndGlobalSection
	GlobalSection(SolutionProperties) = preSolution
		HideSolutionNode = FALSE
	EndGlobalSection
	GlobalSection(NestedProjects) = preSolution
		{988AA879-A5DA-479A-BC5C-F5885B8C1D77} = {6FA8CF02-1FFA-469A-BC13-15EA7703D123}
		{985B4507-7B87-413A-8AF9-98E081066CE2} = {42925905-BFEE-4667-8430-CA52E7877811}
		{DE66438A-B981-4157-BD26-81B0EFB61191} = {42925905-BFEE-4667-8430-CA52E7877811}
		{46B40BE8-81D9-4061-B0EE-C39DB43F3AC6} = {42925905-BFEE-4667-8430-CA52E7877811}
		{B614E2A0-C4A8-454C-8CDB-786D047FB6A3} = {DE66438A-B981-4157-BD26-81B0EFB61191}
		{7E302E7D-1662-4B3B-81ED-DEC7E0797B75} = {DE66438A-B981-4157-BD26-81B0EFB61191}
		{0FC07CCC-5970-4331-9522-69915782EFAE} = {46B40BE8-81D9-4061-B0EE-C39DB43F3AC6}
		{3EA074CC-808A-4EDD-889C-0BE15146743D} = {46B40BE8-81D9-4061-B0EE-C39DB43F3AC6}
	EndGlobalSection
	GlobalSection(ExtensibilityGlobals) = postSolution
		SolutionGuid = {38B4131A-A989-4A46-84F7-8A5B92902D1C}
	EndGlobalSection
EndGlobal
